
Microsoft Visual Studio Solution File, Format Version 12.00
# Visual Studio Version 16
VisualStudioVersion = 16.0.32510.428
MinimumVisualStudioVersion = 10.0.40219.1
Project("{FAE04EC0-301F-11D3-BF4B-00C04F79EFBC}") = "DinvokeWinCallback", "DinvokeWinCallback\DinvokeWinCallback.csproj", "{E14D71B1-5384-478A-870A-1E4CC329331A}"
EndProject
Global
	GlobalSection(SolutionConfigurationPlatforms) = preSolution
		Debug|Any CPU = Debug|Any CPU
		Debug|x64 = Debug|x64
		Release|Any CPU = Release|Any CPU
		Release|x64 = Release|x64
	EndGlobalSection
	GlobalSection(ProjectConfigurationPlatforms) = postSolution
		{E14D71B1-5384-478A-870A-1E4CC329331A}.Debug|Any CPU.ActiveCfg = Debug|Any CPU
		{E14D71B1-5384-478A-870A-1E4CC329331A}.Debug|Any CPU.Build.0 = Debug|Any CPU
		{E14D71B1-5384-478A-870A-1E4CC329331A}.Debug|x64.ActiveCfg = Debug|x64
		{E14D71B1-5384-478A-870A-1E4CC329331A}.Debug|x64.Build.0 = Debug|x64
		{E14D71B1-5384-478A-870A-1E4CC329331A}.Release|Any CPU.ActiveCfg = Release|Any CPU
		{E14D71B1-5384-478A-870A-1E4CC329331A}.Release|Any CPU.Build.0 = Release|Any CPU
		{E14D71B1-5384-478A-870A-1E4CC329331A}.Release|x64.ActiveCfg = Release|x64
		{E14D71B1-5384-478A-870A-1E4CC329331A}.Release|x64.Build.0 = Release|x64
	EndGlobalSection
	GlobalSection(SolutionProperties) = preSolution
		HideSolutionNode = FALSE
	EndGlobalSection
	GlobalSection(ExtensibilityGlobals) = postSolution
		SolutionGuid = {9AA45E55-5313-4BD1-882E-2D3AF454A7C7}
	EndGlobalSection
EndGlobal
